module.iam.data.aws_caller_identity.current: Reading...
module.iam.data.aws_caller_identity.current: Read complete after 1s [id=414396067106]
module.iam.data.aws_iam_policy_document.role_allow_assume: Reading...
module.iam.data.aws_iam_policy_document.role_allow_assume: Read complete after 0s [id=3266886273]

Terraform used the selected providers to generate the following execution plan. Resource actions are indicated with the following symbols:
  + create
 <= read (data resources)

Terraform will perform the following actions:

  # module.iam.data.aws_iam_policy_document.assume_role_policy will be read during apply
  # (depends on a resource or a module with changes pending)
 <= data "aws_iam_policy_document" "assume_role_policy" {
      + id   = (known after apply)
      + json = (known after apply)

      + statement {
          + actions   = [
              + "sts:AssumeRole",
            ]
          + resources = [
              + "arn:aws:iam::414396067106:role/dev-ci",
            ]
        }
    }

  # module.iam.aws_iam_group.no_permissions_group will be created
  + resource "aws_iam_group" "no_permissions_group" {
      + arn       = (known after apply)
      + id        = (known after apply)
      + name      = "dev-ci-no-permissions-group"
      + path      = "/"
      + unique_id = (known after apply)
    }

  # module.iam.aws_iam_group_membership.no_permissions_group_membership will be created
  + resource "aws_iam_group_membership" "no_permissions_group_membership" {
      + group = "dev-ci-no-permissions-group"
      + id    = (known after apply)
      + name  = "dev-ci-no-perms-group-membership"
      + users = [
          + "dev-ci",
        ]
    }

  # module.iam.aws_iam_group_policy.no_permissions_group_group_policy will be created
  + resource "aws_iam_group_policy" "no_permissions_group_group_policy" {
      + group  = "dev-ci-no-permissions-group"
      + id     = (known after apply)
      + name   = "dev-ci-group-policy"
      + policy = (known after apply)
    }

  # module.iam.aws_iam_role.role will be created
  + resource "aws_iam_role" "role" {
      + arn                   = (known after apply)
      + assume_role_policy    = jsonencode(
            {
              + Statement = [
                  + {
                      + Action    = "sts:AssumeRole"
                      + Condition = {
                          + Bool = {
                              + "aws:MultiFactorAuthPresent" = "true"
                            }
                        }
                      + Effect    = "Allow"
                      + Principal = {
                          + AWS = "414396067106"
                        }
                      + Sid       = ""
                    },
                ]
              + Version   = "2012-10-17"
            }
        )
      + create_date           = (known after apply)
      + force_detach_policies = false
      + id                    = (known after apply)
      + managed_policy_arns   = (known after apply)
      + max_session_duration  = 3600
      + name                  = "dev-ci"
      + name_prefix           = (known after apply)
      + path                  = "/"
      + tags                  = {
          + "env"   = "dev"
          + "owner" = "admin"
        }
      + tags_all              = {
          + "env"   = "dev"
          + "owner" = "admin"
        }
      + unique_id             = (known after apply)

      + inline_policy {
          + name   = (known after apply)
          + policy = (known after apply)
        }
    }

  # module.iam.aws_iam_user.user will be created
  + resource "aws_iam_user" "user" {
      + arn           = (known after apply)
      + force_destroy = false
      + id            = (known after apply)
      + name          = "dev-ci"
      + path          = "/"
      + tags_all      = (known after apply)
      + unique_id     = (known after apply)
    }

Plan: 5 to add, 0 to change, 0 to destroy.